
Microsoft Visual Studio Solution File, Format Version 12.00
# Visual Studio Version 17
VisualStudioVersion = 17.0.32002.185
MinimumVisualStudioVersion = 10.0.40219.1
Project("{FAE04EC0-301F-11D3-BF4B-00C04F79EFBC}") = "Blockchain Basics.Android", "Blockchain Basics\Blockchain Basics.Android\Blockchain Basics.Android.csproj", "{D2858CD5-0F2E-4C87-996A-D040AFA038F2}"
EndProject
Project("{FAE04EC0-301F-11D3-BF4B-00C04F79EFBC}") = "Blockchain Basics.iOS", "Blockchain Basics\Blockchain Basics.iOS\Blockchain Basics.iOS.csproj", "{231613C9-09AF-4350-95CD-09813F4F573C}"
EndProject
Project("{FAE04EC0-301F-11D3-BF4B-00C04F79EFBC}") = "Blockchain Basics", "Blockchain Basics\Blockchain Basics\Blockchain Basics.csproj", "{6A39FEF7-4C36-41FC-9E18-B33583937A2B}"
EndProject
Global
	GlobalSection(SolutionConfigurationPlatforms) = preSolution
		Debug|Any CPU = Debug|Any CPU
		Debug|iPhone = Debug|iPhone
		Debug|iPhoneSimulator = Debug|iPhoneSimulator
		Release|Any CPU = Release|Any CPU
		Release|iPhone = Release|iPhone
		Release|iPhoneSimulator = Release|iPhoneSimulator
	EndGlobalSection
	GlobalSection(ProjectConfigurationPlatforms) = postSolution
		{D2858CD5-0F2E-4C87-996A-D040AFA038F2}.Debug|Any CPU.ActiveCfg = Debug|Any CPU
		{D2858CD5-0F2E-4C87-996A-D040AFA038F2}.Debug|Any CPU.Build.0 = Debug|Any CPU
		{D2858CD5-0F2E-4C87-996A-D040AFA038F2}.Debug|Any CPU.Deploy.0 = Debug|Any CPU
		{D2858CD5-0F2E-4C87-996A-D040AFA038F2}.Debug|iPhone.ActiveCfg = Debug|Any CPU
		{D2858CD5-0F2E-4C87-996A-D040AFA038F2}.Debug|iPhone.Build.0 = Debug|Any CPU
		{D2858CD5-0F2E-4C87-996A-D040AFA038F2}.Debug|iPhone.Deploy.0 = Debug|Any CPU
		{D2858CD5-0F2E-4C87-996A-D040AFA038F2}.Debug|iPhoneSimulator.ActiveCfg = Debug|Any CPU
		{D2858CD5-0F2E-4C87-996A-D040AFA038F2}.Debug|iPhoneSimulator.Build.0 = Debug|Any CPU
		{D2858CD5-0F2E-4C87-996A-D040AFA038F2}.Debug|iPhoneSimulator.Deploy.0 = Debug|Any CPU
		{D2858CD5-0F2E-4C87-996A-D040AFA038F2}.Release|Any CPU.ActiveCfg = Release|Any CPU
		{D2858CD5-0F2E-4C87-996A-D040AFA038F2}.Release|Any CPU.Build.0 = Release|Any CPU
		{D2858CD5-0F2E-4C87-996A-D040AFA038F2}.Release|Any CPU.Deploy.0 = Release|Any CPU
		{D2858CD5-0F2E-4C87-996A-D040AFA038F2}.Release|iPhone.ActiveCfg = Release|Any CPU
		{D2858CD5-0F2E-4C87-996A-D040AFA038F2}.Release|iPhone.Build.0 = Release|Any CPU
		{D2858CD5-0F2E-4C87-996A-D040AFA038F2}.Release|iPhone.Deploy.0 = Release|Any CPU
		{D2858CD5-0F2E-4C87-996A-D040AFA038F2}.Release|iPhoneSimulator.ActiveCfg = Release|Any CPU
		{D2858CD5-0F2E-4C87-996A-D040AFA038F2}.Release|iPhoneSimulator.Build.0 = Release|Any CPU
		{D2858CD5-0F2E-4C87-996A-D040AFA038F2}.Release|iPhoneSimulator.Deploy.0 = Release|Any CPU
		{231613C9-09AF-4350-95CD-09813F4F573C}.Debug|Any CPU.ActiveCfg = Debug|iPhone
		{231613C9-09AF-4350-95CD-09813F4F573C}.Debug|Any CPU.Build.0 = Debug|iPhone
		{231613C9-09AF-4350-95CD-09813F4F573C}.Debug|Any CPU.Deploy.0 = Debug|iPhone
		{231613C9-09AF-4350-95CD-09813F4F573C}.Debug|iPhone.ActiveCfg = Debug|iPhone
		{231613C9-09AF-4350-95CD-09813F4F573C}.Debug|iPhone.Build.0 = Debug|iPhone
		{231613C9-09AF-4350-95CD-09813F4F573C}.Debug|iPhone.Deploy.0 = Debug|iPhone
		{231613C9-09AF-4350-95CD-09813F4F573C}.Debug|iPhoneSimulator.ActiveCfg = Debug|iPhoneSimulator
		{231613C9-09AF-4350-95CD-09813F4F573C}.Debug|iPhoneSimulator.Build.0 = Debug|iPhoneSimulator
		{231613C9-09AF-4350-95CD-09813F4F573C}.Debug|iPhoneSimulator.Deploy.0 = Debug|iPhoneSimulator
		{231613C9-09AF-4350-95CD-09813F4F573C}.Release|Any CPU.ActiveCfg = Release|iPhoneSimulator
		{231613C9-09AF-4350-95CD-09813F4F573C}.Release|Any CPU.Build.0 = Release|iPhoneSimulator
		{231613C9-09AF-4350-95CD-09813F4F573C}.Release|Any CPU.Deploy.0 = Release|iPhoneSimulator
		{231613C9-09AF-4350-95CD-09813F4F573C}.Release|iPhone.ActiveCfg = Release|iPhone
		{231613C9-09AF-4350-95CD-09813F4F573C}.Release|iPhone.Build.0 = Release|iPhone
		{231613C9-09AF-4350-95CD-09813F4F573C}.Release|iPhone.Deploy.0 = Release|iPhone
		{231613C9-09AF-4350-95CD-09813F4F573C}.Release|iPhoneSimulator.ActiveCfg = Release|iPhoneSimulator
		{231613C9-09AF-4350-95CD-09813F4F573C}.Release|iPhoneSimulator.Build.0 = Release|iPhoneSimulator
		{231613C9-09AF-4350-95CD-09813F4F573C}.Release|iPhoneSimulator.Deploy.0 = Release|iPhoneSimulator
		{6A39FEF7-4C36-41FC-9E18-B33583937A2B}.Debug|Any CPU.ActiveCfg = Debug|Any CPU
		{6A39FEF7-4C36-41FC-9E18-B33583937A2B}.Debug|Any CPU.Build.0 = Debug|Any CPU
		{6A39FEF7-4C36-41FC-9E18-B33583937A2B}.Debug|Any CPU.Deploy.0 = Debug|Any CPU
		{6A39FEF7-4C36-41FC-9E18-B33583937A2B}.Debug|iPhone.ActiveCfg = Debug|Any CPU
		{6A39FEF7-4C36-41FC-9E18-B33583937A2B}.Debug|iPhone.Build.0 = Debug|Any CPU
		{6A39FEF7-4C36-41FC-9E18-B33583937A2B}.Debug|iPhone.Deploy.0 = Debug|Any CPU
		{6A39FEF7-4C36-41FC-9E18-B33583937A2B}.Debug|iPhoneSimulator.ActiveCfg = Debug|Any CPU
		{6A39FEF7-4C36-41FC-9E18-B33583937A2B}.Debug|iPhoneSimulator.Build.0 = Debug|Any CPU
		{6A39FEF7-4C36-41FC-9E18-B33583937A2B}.Debug|iPhoneSimulator.Deploy.0 = Debug|Any CPU
		{6A39FEF7-4C36-41FC-9E18-B33583937A2B}.Release|Any CPU.ActiveCfg = Release|Any CPU
		{6A39FEF7-4C36-41FC-9E18-B33583937A2B}.Release|Any CPU.Build.0 = Release|Any CPU
		{6A39FEF7-4C36-41FC-9E18-B33583937A2B}.Release|Any CPU.Deploy.0 = Release|Any CPU
		{6A39FEF7-4C36-41FC-9E18-B33583937A2B}.Release|iPhone.ActiveCfg = Release|Any CPU
		{6A39FEF7-4C36-41FC-9E18-B33583937A2B}.Release|iPhone.Build.0 = Release|Any CPU
		{6A39FEF7-4C36-41FC-9E18-B33583937A2B}.Release|iPhone.Deploy.0 = Release|Any CPU
		{6A39FEF7-4C36-41FC-9E18-B33583937A2B}.Release|iPhoneSimulator.ActiveCfg = Release|Any CPU
		{6A39FEF7-4C36-41FC-9E18-B33583937A2B}.Release|iPhoneSimulator.Build.0 = Release|Any CPU
		{6A39FEF7-4C36-41FC-9E18-B33583937A2B}.Release|iPhoneSimulator.Deploy.0 = Release|Any CPU
	EndGlobalSection
	GlobalSection(SolutionProperties) = preSolution
		HideSolutionNode = FALSE
	EndGlobalSection
	GlobalSection(ExtensibilityGlobals) = postSolution
		SolutionGuid = {83290DE9-EF3F-4ECA-871B-EDDAD4AF3612}
	EndGlobalSection
EndGlobal
